
Microsoft Visual Studio Solution File, Format Version 12.00
# Visual Studio Version 17
VisualStudioVersion = 17.3.32901.215
MinimumVisualStudioVersion = 10.0.40219.1
Project("{FAE04EC0-301F-11D3-BF4B-00C04F79EFBC}") = "pdDetail3", "pdDetail3\pdDetail3.csproj", "{C54D560D-929F-4F61-9B65-E3A32D48418F}"
EndProject
Global
	GlobalSection(SolutionConfigurationPlatforms) = preSolution
		Debug|Any CPU = Debug|Any CPU
		Release|Any CPU = Release|Any CPU
	EndGlobalSection
	GlobalSection(ProjectConfigurationPlatforms) = postSolution
		{C54D560D-929F-4F61-9B65-E3A32D48418F}.Debug|Any CPU.ActiveCfg = Debug|Any CPU
		{C54D560D-929F-4F61-9B65-E3A32D48418F}.Debug|Any CPU.Build.0 = Debug|Any CPU
		{C54D560D-929F-4F61-9B65-E3A32D48418F}.Release|Any CPU.ActiveCfg = Release|Any CPU
		{C54D560D-929F-4F61-9B65-E3A32D48418F}.Release|Any CPU.Build.0 = Release|Any CPU
	EndGlobalSection
	GlobalSection(SolutionProperties) = preSolution
		HideSolutionNode = FALSE
	EndGlobalSection
	GlobalSection(ExtensibilityGlobals) = postSolution
		SolutionGuid = {39DE5E94-BE41-4832-B89C-899AD4FC8CFE}
	EndGlobalSection
EndGlobal
