
Microsoft Visual Studio Solution File, Format Version 12.00
# Visual Studio Version 17
VisualStudioVersion = 17.3.32901.215
MinimumVisualStudioVersion = 10.0.40219.1
Project("{FAE04EC0-301F-11D3-BF4B-00C04F79EFBC}") = "detail1", "detail1\detail1.csproj", "{17101A40-9149-4F9F-A60F-15F6FBDB5F94}"
EndProject
Global
	GlobalSection(SolutionConfigurationPlatforms) = preSolution
		Debug|Any CPU = Debug|Any CPU
		Release|Any CPU = Release|Any CPU
	EndGlobalSection
	GlobalSection(ProjectConfigurationPlatforms) = postSolution
		{17101A40-9149-4F9F-A60F-15F6FBDB5F94}.Debug|Any CPU.ActiveCfg = Debug|Any CPU
		{17101A40-9149-4F9F-A60F-15F6FBDB5F94}.Debug|Any CPU.Build.0 = Debug|Any CPU
		{17101A40-9149-4F9F-A60F-15F6FBDB5F94}.Release|Any CPU.ActiveCfg = Release|Any CPU
		{17101A40-9149-4F9F-A60F-15F6FBDB5F94}.Release|Any CPU.Build.0 = Release|Any CPU
	EndGlobalSection
	GlobalSection(SolutionProperties) = preSolution
		HideSolutionNode = FALSE
	EndGlobalSection
	GlobalSection(ExtensibilityGlobals) = postSolution
		SolutionGuid = {0E9B8D15-61C7-46A7-85D3-EDEF52D91C78}
	EndGlobalSection
EndGlobal
