
Microsoft Visual Studio Solution File, Format Version 12.00
# Visual Studio Version 17
VisualStudioVersion = 17.14.36429.23 d17.14
MinimumVisualStudioVersion = 10.0.40219.1
Project("{FAE04EC0-301F-11D3-BF4B-00C04F79EFBC}") = "Loft", "Loft.csproj", "{325341C8-3B36-46FF-80AB-F08AE18A9D1A}"
EndProject
Global
	GlobalSection(SolutionConfigurationPlatforms) = preSolution
		Debug|Any CPU = Debug|Any CPU
		Debug|x64 = Debug|x64
		Release|Any CPU = Release|Any CPU
		Release|x64 = Release|x64
	EndGlobalSection
	GlobalSection(ProjectConfigurationPlatforms) = postSolution
		{325341C8-3B36-46FF-80AB-F08AE18A9D1A}.Debug|Any CPU.ActiveCfg = Debug|Any CPU
		{325341C8-3B36-46FF-80AB-F08AE18A9D1A}.Debug|Any CPU.Build.0 = Debug|Any CPU
		{325341C8-3B36-46FF-80AB-F08AE18A9D1A}.Debug|x64.ActiveCfg = Debug|x64
		{325341C8-3B36-46FF-80AB-F08AE18A9D1A}.Debug|x64.Build.0 = Debug|x64
		{325341C8-3B36-46FF-80AB-F08AE18A9D1A}.Release|Any CPU.ActiveCfg = Release|Any CPU
		{325341C8-3B36-46FF-80AB-F08AE18A9D1A}.Release|Any CPU.Build.0 = Release|Any CPU
		{325341C8-3B36-46FF-80AB-F08AE18A9D1A}.Release|x64.ActiveCfg = Release|x64
		{325341C8-3B36-46FF-80AB-F08AE18A9D1A}.Release|x64.Build.0 = Release|x64
	EndGlobalSection
	GlobalSection(SolutionProperties) = preSolution
		HideSolutionNode = FALSE
	EndGlobalSection
	GlobalSection(ExtensibilityGlobals) = postSolution
		SolutionGuid = {2B5D1AEE-AD54-436B-B834-A27514224B53}
	EndGlobalSection
EndGlobal
