
Microsoft Visual Studio Solution File, Format Version 12.00
# Visual Studio Version 16
VisualStudioVersion = 16.0.31727.386
MinimumVisualStudioVersion = 10.0.40219.1
Project("{FAE04EC0-301F-11D3-BF4B-00C04F79EFBC}") = "MySample1", "MySample1.csproj", "{4CCEAB58-0BB6-45B8-8522-9F221554586D}"
EndProject
Global
	GlobalSection(SolutionConfigurationPlatforms) = preSolution
		Debug|Any CPU = Debug|Any CPU
		Release|Any CPU = Release|Any CPU
	EndGlobalSection
	GlobalSection(ProjectConfigurationPlatforms) = postSolution
		{4CCEAB58-0BB6-45B8-8522-9F221554586D}.Debug|Any CPU.ActiveCfg = Debug|Any CPU
		{4CCEAB58-0BB6-45B8-8522-9F221554586D}.Debug|Any CPU.Build.0 = Debug|Any CPU
		{4CCEAB58-0BB6-45B8-8522-9F221554586D}.Release|Any CPU.ActiveCfg = Release|Any CPU
		{4CCEAB58-0BB6-45B8-8522-9F221554586D}.Release|Any CPU.Build.0 = Release|Any CPU
	EndGlobalSection
	GlobalSection(SolutionProperties) = preSolution
		HideSolutionNode = FALSE
	EndGlobalSection
	GlobalSection(ExtensibilityGlobals) = postSolution
		SolutionGuid = {1C04A0B8-2672-4F0B-B913-871CA6B3A12E}
	EndGlobalSection
EndGlobal
