
Microsoft Visual Studio Solution File, Format Version 12.00
# Visual Studio Version 17
VisualStudioVersion = 17.3.32901.215
MinimumVisualStudioVersion = 10.0.40219.1
Project("{FAE04EC0-301F-11D3-BF4B-00C04F79EFBC}") = "pd1", "pd1\pd1.csproj", "{11886954-2185-42EC-965D-55FFB4BCE564}"
EndProject
Global
	GlobalSection(SolutionConfigurationPlatforms) = preSolution
		Debug|Any CPU = Debug|Any CPU
		Release|Any CPU = Release|Any CPU
	EndGlobalSection
	GlobalSection(ProjectConfigurationPlatforms) = postSolution
		{11886954-2185-42EC-965D-55FFB4BCE564}.Debug|Any CPU.ActiveCfg = Debug|Any CPU
		{11886954-2185-42EC-965D-55FFB4BCE564}.Debug|Any CPU.Build.0 = Debug|Any CPU
		{11886954-2185-42EC-965D-55FFB4BCE564}.Release|Any CPU.ActiveCfg = Release|Any CPU
		{11886954-2185-42EC-965D-55FFB4BCE564}.Release|Any CPU.Build.0 = Release|Any CPU
	EndGlobalSection
	GlobalSection(SolutionProperties) = preSolution
		HideSolutionNode = FALSE
	EndGlobalSection
	GlobalSection(ExtensibilityGlobals) = postSolution
		SolutionGuid = {89BA401D-74F3-45C2-8729-C4C03E92D614}
	EndGlobalSection
EndGlobal
