
Microsoft Visual Studio Solution File, Format Version 12.00
# Visual Studio Version 17
VisualStudioVersion = 17.10.35122.118
MinimumVisualStudioVersion = 10.0.40219.1
Project("{9A19103F-16F7-4668-BE54-9A1E7A4F7556}") = "Shaft", "Shaft.csproj", "{44A314CD-4419-4F63-94F3-0F0905EC506B}"
EndProject
Global
	GlobalSection(SolutionConfigurationPlatforms) = preSolution
		Debug|Any CPU = Debug|Any CPU
		Release|Any CPU = Release|Any CPU
	EndGlobalSection
	GlobalSection(ProjectConfigurationPlatforms) = postSolution
		{44A314CD-4419-4F63-94F3-0F0905EC506B}.Debug|Any CPU.ActiveCfg = Debug|Any CPU
		{44A314CD-4419-4F63-94F3-0F0905EC506B}.Debug|Any CPU.Build.0 = Debug|Any CPU
		{44A314CD-4419-4F63-94F3-0F0905EC506B}.Release|Any CPU.ActiveCfg = Release|Any CPU
		{44A314CD-4419-4F63-94F3-0F0905EC506B}.Release|Any CPU.Build.0 = Release|Any CPU
	EndGlobalSection
	GlobalSection(SolutionProperties) = preSolution
		HideSolutionNode = FALSE
	EndGlobalSection
	GlobalSection(ExtensibilityGlobals) = postSolution
		SolutionGuid = {CAAEDF53-795B-470C-80CE-5CCD24B834C6}
	EndGlobalSection
EndGlobal
